{
  "name": "jobfeedstream",
  "version": "1.0.0",
  "lockfileVersion": 1,
  "requires": true,
  "dependencies": {
    "inherits": {
      "version": "2.0.1",
      "resolved": "https://registry.npmjs.org/inherits/-/inherits-2.0.1.tgz",
      "integrity": "sha1-sX0I0ya0Qj5Wjv9xn5GwscvfafE="
    },
    "sax": {
      "version": "1.2.4",
      "resolved": "https://registry.npmjs.org/sax/-/sax-1.2.4.tgz",
      "integrity": "sha512-NqVDv9TpANUjFm0N8uM5GxL36UgKi9/atZw+x7YFnQ8ckwFGKrl4xX4yWtrey3UJm5nP1kUbnYgLopqWNSRhWw=="
    },
    "util": {
      "version": "0.10.3",
      "resolved": "https://registry.npmjs.org/util/-/util-0.10.3.tgz",
      "integrity": "sha1-evsa/lCAUkZInj23/g7TeTNqwPk=",
      "requires": {
        "inherits": "2.0.1"
      }
    },
    "xml-flow": {
      "version": "1.0.2",
      "resolved": "https://registry.npmjs.org/xml-flow/-/xml-flow-1.0.2.tgz",
      "integrity": "sha512-TfV52Su2083n8w61l1hGI5K3ZAkn4hmaon3oJHc+TRQo0QkKLMPAPdMpGMJd+5Aik6ZUicPDjBINO8QxLkZGgg==",
      "requires": {
        "sax": "1.2.4"
      }
    },
    "xmlsplit": {
      "version": "1.2.8",
      "resolved": "https://registry.npmjs.org/xmlsplit/-/xmlsplit-1.2.8.tgz",
      "integrity": "sha1-7YhX29kOraN301fIracErr/Do1w=",
      "requires": {
        "util": "0.10.3"
      }
    }
  }
}
